
Microsoft Visual Studio Solution File, Format Version 12.00
# Visual Studio Version 17
VisualStudioVersion = 17.5.002.0
MinimumVisualStudioVersion = 10.0.40219.1
Project("{9A19103F-16F7-4668-BE54-9A1E7A4F7556}") = "ProjectINSY4051", "ProjectINSY4051.csproj", "{3CBA6999-7314-4DBE-A747-563F5DA89F70}"
EndProject
Global
	GlobalSection(SolutionConfigurationPlatforms) = preSolution
		Debug|Any CPU = Debug|Any CPU
		Release|Any CPU = Release|Any CPU
	EndGlobalSection
	GlobalSection(ProjectConfigurationPlatforms) = postSolution
		{3CBA6999-7314-4DBE-A747-563F5DA89F70}.Debug|Any CPU.ActiveCfg = Debug|Any CPU
		{3CBA6999-7314-4DBE-A747-563F5DA89F70}.Debug|Any CPU.Build.0 = Debug|Any CPU
		{3CBA6999-7314-4DBE-A747-563F5DA89F70}.Release|Any CPU.ActiveCfg = Release|Any CPU
		{3CBA6999-7314-4DBE-A747-563F5DA89F70}.Release|Any CPU.Build.0 = Release|Any CPU
	EndGlobalSection
	GlobalSection(SolutionProperties) = preSolution
		HideSolutionNode = FALSE
	EndGlobalSection
	GlobalSection(ExtensibilityGlobals) = postSolution
		SolutionGuid = {0305288C-0788-4D0F-82FD-37A64442F4E7}
	EndGlobalSection
EndGlobal
